// !$*UTF8*$!
{
	archiveVersion = 1;
	classes = {
	};
	objectVersion = 51;
	objects = {

/* Begin PBXBuildFile section */
		4027647DBB2C8550CBD53615 /* Pods_Interlude.framework in Frameworks */ = {isa = PBXBuildFile; fileRef = 36CDB9E8C9366D2D42BFAB65 /* Pods_Interlude.framework */; };
		723129A9236DC6D40069CBEA /* AppDelegate.swift in Sources */ = {isa = PBXBuildFile; fileRef = 723129A8236DC6D40069CBEA /* AppDelegate.swift */; };
		723129AB236DC6D40069CBEA /* SceneDelegate.swift in Sources */ = {isa = PBXBuildFile; fileRef = 723129AA236DC6D40069CBEA /* SceneDelegate.swift */; };
		723129AD236DC6D40069CBEA /* PeopleListViewController.swift in Sources */ = {isa = PBXBuildFile; fileRef = 723129AC236DC6D40069CBEA /* PeopleListViewController.swift */; };
		723129B0236DC6D40069CBEA /* Main.storyboard in Resources */ = {isa = PBXBuildFile; fileRef = 723129AE236DC6D40069CBEA /* Main.storyboard */; };
		723129B2236DC6D50069CBEA /* Assets.xcassets in Resources */ = {isa = PBXBuildFile; fileRef = 723129B1236DC6D50069CBEA /* Assets.xcassets */; };
		723129B5236DC6D50069CBEA /* LaunchScreen.storyboard in Resources */ = {isa = PBXBuildFile; fileRef = 723129B3236DC6D50069CBEA /* LaunchScreen.storyboard */; };
		723129C0236DC6D50069CBEA /* InterludeTests.swift in Sources */ = {isa = PBXBuildFile; fileRef = 723129BF236DC6D50069CBEA /* InterludeTests.swift */; };
		72F62F31236DE86F000344EF /* PersonListModels.swift in Sources */ = {isa = PBXBuildFile; fileRef = 72F62F30236DE86F000344EF /* PersonListModels.swift */; };
		72F62F33236DE885000344EF /* PersonListInteractor.swift in Sources */ = {isa = PBXBuildFile; fileRef = 72F62F32236DE885000344EF /* PersonListInteractor.swift */; };
		72F62F35236DE8BC000344EF /* PersonListPresenter.swift in Sources */ = {isa = PBXBuildFile; fileRef = 72F62F34236DE8BC000344EF /* PersonListPresenter.swift */; };
		72F62F37236DEA43000344EF /* PersonListWorker.swift in Sources */ = {isa = PBXBuildFile; fileRef = 72F62F36236DEA43000344EF /* PersonListWorker.swift */; };
		72F62F39236DEA9A000344EF /* PersonListRouter.swift in Sources */ = {isa = PBXBuildFile; fileRef = 72F62F38236DEA9A000344EF /* PersonListRouter.swift */; };
		72F62F3D236DEB49000344EF /* Links.swift in Sources */ = {isa = PBXBuildFile; fileRef = 72F62F3C236DEB49000344EF /* Links.swift */; };
		72F62F3F236DEB9C000344EF /* Constants.swift in Sources */ = {isa = PBXBuildFile; fileRef = 72F62F3E236DEB9C000344EF /* Constants.swift */; };
		72F62F41236DEF73000344EF /* Network.swift in Sources */ = {isa = PBXBuildFile; fileRef = 72F62F40236DEF73000344EF /* Network.swift */; };
		BC7C01C8A90EA1B63A531C67 /* Pods_InterludeTests.framework in Frameworks */ = {isa = PBXBuildFile; fileRef = 6F0D4CB0C619028C28FD845A /* Pods_InterludeTests.framework */; };
/* End PBXBuildFile section */

/* Begin PBXContainerItemProxy section */
		723129BC236DC6D50069CBEA /* PBXContainerItemProxy */ = {
			isa = PBXContainerItemProxy;
			containerPortal = 7231299D236DC6D40069CBEA /* Project object */;
			proxyType = 1;
			remoteGlobalIDString = 723129A4236DC6D40069CBEA;
			remoteInfo = Interlude;
		};
/* End PBXContainerItemProxy section */

/* Begin PBXFileReference section */
		0171A67B4DBD5825B5063CAA /* Pods-InterludeTests.release.xcconfig */ = {isa = PBXFileReference; includeInIndex = 1; lastKnownFileType = text.xcconfig; name = "Pods-InterludeTests.release.xcconfig"; path = "Target Support Files/Pods-InterludeTests/Pods-InterludeTests.release.xcconfig"; sourceTree = "<group>"; };
		36CDB9E8C9366D2D42BFAB65 /* Pods_Interlude.framework */ = {isa = PBXFileReference; explicitFileType = wrapper.framework; includeInIndex = 0; path = Pods_Interlude.framework; sourceTree = BUILT_PRODUCTS_DIR; };
		6F0D4CB0C619028C28FD845A /* Pods_InterludeTests.framework */ = {isa = PBXFileReference; explicitFileType = wrapper.framework; includeInIndex = 0; path = Pods_InterludeTests.framework; sourceTree = BUILT_PRODUCTS_DIR; };
		723129A5236DC6D40069CBEA /* Interlude.app */ = {isa = PBXFileReference; explicitFileType = wrapper.application; includeInIndex = 0; path = Interlude.app; sourceTree = BUILT_PRODUCTS_DIR; };
		723129A8236DC6D40069CBEA /* AppDelegate.swift */ = {isa = PBXFileReference; lastKnownFileType = sourcecode.swift; path = AppDelegate.swift; sourceTree = "<group>"; };
		723129AA236DC6D40069CBEA /* SceneDelegate.swift */ = {isa = PBXFileReference; lastKnownFileType = sourcecode.swift; path = SceneDelegate.swift; sourceTree = "<group>"; };
		723129AC236DC6D40069CBEA /* PeopleListViewController.swift */ = {isa = PBXFileReference; lastKnownFileType = sourcecode.swift; path = PeopleListViewController.swift; sourceTree = "<group>"; };
		723129AF236DC6D40069CBEA /* Base */ = {isa = PBXFileReference; lastKnownFileType = file.storyboard; name = Base; path = Base.lproj/Main.storyboard; sourceTree = "<group>"; };
		723129B1236DC6D50069CBEA /* Assets.xcassets */ = {isa = PBXFileReference; lastKnownFileType = folder.assetcatalog; path = Assets.xcassets; sourceTree = "<group>"; };
		723129B4236DC6D50069CBEA /* Base */ = {isa = PBXFileReference; lastKnownFileType = file.storyboard; name = Base; path = Base.lproj/LaunchScreen.storyboard; sourceTree = "<group>"; };
		723129B6236DC6D50069CBEA /* Info.plist */ = {isa = PBXFileReference; lastKnownFileType = text.plist.xml; path = Info.plist; sourceTree = "<group>"; };
		723129BB236DC6D50069CBEA /* InterludeTests.xctest */ = {isa = PBXFileReference; explicitFileType = wrapper.cfbundle; includeInIndex = 0; path = InterludeTests.xctest; sourceTree = BUILT_PRODUCTS_DIR; };
		723129BF236DC6D50069CBEA /* InterludeTests.swift */ = {isa = PBXFileReference; lastKnownFileType = sourcecode.swift; path = InterludeTests.swift; sourceTree = "<group>"; };
		723129C1236DC6D50069CBEA /* Info.plist */ = {isa = PBXFileReference; lastKnownFileType = text.plist.xml; path = Info.plist; sourceTree = "<group>"; };
		72F62F30236DE86F000344EF /* PersonListModels.swift */ = {isa = PBXFileReference; lastKnownFileType = sourcecode.swift; path = PersonListModels.swift; sourceTree = "<group>"; };
		72F62F32236DE885000344EF /* PersonListInteractor.swift */ = {isa = PBXFileReference; lastKnownFileType = sourcecode.swift; path = PersonListInteractor.swift; sourceTree = "<group>"; };
		72F62F34236DE8BC000344EF /* PersonListPresenter.swift */ = {isa = PBXFileReference; lastKnownFileType = sourcecode.swift; path = PersonListPresenter.swift; sourceTree = "<group>"; };
		72F62F36236DEA43000344EF /* PersonListWorker.swift */ = {isa = PBXFileReference; lastKnownFileType = sourcecode.swift; path = PersonListWorker.swift; sourceTree = "<group>"; };
		72F62F38236DEA9A000344EF /* PersonListRouter.swift */ = {isa = PBXFileReference; lastKnownFileType = sourcecode.swift; path = PersonListRouter.swift; sourceTree = "<group>"; };
		72F62F3C236DEB49000344EF /* Links.swift */ = {isa = PBXFileReference; lastKnownFileType = sourcecode.swift; path = Links.swift; sourceTree = "<group>"; };
		72F62F3E236DEB9C000344EF /* Constants.swift */ = {isa = PBXFileReference; lastKnownFileType = sourcecode.swift; path = Constants.swift; sourceTree = "<group>"; };
		72F62F40236DEF73000344EF /* Network.swift */ = {isa = PBXFileReference; lastKnownFileType = sourcecode.swift; path = Network.swift; sourceTree = "<group>"; };
		8D24F6910E2DDB7D584E0A46 /* Pods-InterludeTests.debug.xcconfig */ = {isa = PBXFileReference; includeInIndex = 1; lastKnownFileType = text.xcconfig; name = "Pods-InterludeTests.debug.xcconfig"; path = "Target Support Files/Pods-InterludeTests/Pods-InterludeTests.debug.xcconfig"; sourceTree = "<group>"; };
		9D2FACE2CBF1CD94BDADCFC9 /* Pods-Interlude.debug.xcconfig */ = {isa = PBXFileReference; includeInIndex = 1; lastKnownFileType = text.xcconfig; name = "Pods-Interlude.debug.xcconfig"; path = "Target Support Files/Pods-Interlude/Pods-Interlude.debug.xcconfig"; sourceTree = "<group>"; };
		CC7F8C41C8F74F0DB00DF1B9 /* Pods-Interlude.release.xcconfig */ = {isa = PBXFileReference; includeInIndex = 1; lastKnownFileType = text.xcconfig; name = "Pods-Interlude.release.xcconfig"; path = "Target Support Files/Pods-Interlude/Pods-Interlude.release.xcconfig"; sourceTree = "<group>"; };
/* End PBXFileReference section */

/* Begin PBXFrameworksBuildPhase section */
		723129A2236DC6D40069CBEA /* Frameworks */ = {
			isa = PBXFrameworksBuildPhase;
			buildActionMask = 2147483647;
			files = (
				4027647DBB2C8550CBD53615 /* Pods_Interlude.framework in Frameworks */,
			);
			runOnlyForDeploymentPostprocessing = 0;
		};
		723129B8236DC6D50069CBEA /* Frameworks */ = {
			isa = PBXFrameworksBuildPhase;
			buildActionMask = 2147483647;
			files = (
				BC7C01C8A90EA1B63A531C67 /* Pods_InterludeTests.framework in Frameworks */,
			);
			runOnlyForDeploymentPostprocessing = 0;
		};
/* End PBXFrameworksBuildPhase section */

/* Begin PBXGroup section */
		060952BB002DF322695C47BA /* Pods */ = {
			isa = PBXGroup;
			children = (
				9D2FACE2CBF1CD94BDADCFC9 /* Pods-Interlude.debug.xcconfig */,
				CC7F8C41C8F74F0DB00DF1B9 /* Pods-Interlude.release.xcconfig */,
				8D24F6910E2DDB7D584E0A46 /* Pods-InterludeTests.debug.xcconfig */,
				0171A67B4DBD5825B5063CAA /* Pods-InterludeTests.release.xcconfig */,
			);
			path = Pods;
			sourceTree = "<group>";
		};
		7231299C236DC6D40069CBEA = {
			isa = PBXGroup;
			children = (
				723129A7236DC6D40069CBEA /* Interlude */,
				723129BE236DC6D50069CBEA /* InterludeTests */,
				723129A6236DC6D40069CBEA /* Products */,
				060952BB002DF322695C47BA /* Pods */,
				B7DD870BF566C5D404AA52E4 /* Frameworks */,
			);
			sourceTree = "<group>";
		};
		723129A6236DC6D40069CBEA /* Products */ = {
			isa = PBXGroup;
			children = (
				723129A5236DC6D40069CBEA /* Interlude.app */,
				723129BB236DC6D50069CBEA /* InterludeTests.xctest */,
			);
			name = Products;
			sourceTree = "<group>";
		};
		723129A7236DC6D40069CBEA /* Interlude */ = {
			isa = PBXGroup;
			children = (
				723129B6236DC6D50069CBEA /* Info.plist */,
				72F62F3B236DEB35000344EF /* App */,
				72F62F3A236DEB2B000344EF /* Networking */,
				72F62F2F236DE840000344EF /* Cells */,
				72F62F2D236DE797000344EF /* Scenes */,
			);
			path = Interlude;
			sourceTree = "<group>";
		};
		723129BE236DC6D50069CBEA /* InterludeTests */ = {
			isa = PBXGroup;
			children = (
				723129BF236DC6D50069CBEA /* InterludeTests.swift */,
				723129C1236DC6D50069CBEA /* Info.plist */,
			);
			path = InterludeTests;
			sourceTree = "<group>";
		};
		72F62F2D236DE797000344EF /* Scenes */ = {
			isa = PBXGroup;
			children = (
				72F62F2E236DE7A2000344EF /* PeopleList */,
			);
			path = Scenes;
			sourceTree = "<group>";
		};
		72F62F2E236DE7A2000344EF /* PeopleList */ = {
			isa = PBXGroup;
			children = (
				723129AC236DC6D40069CBEA /* PeopleListViewController.swift */,
				72F62F30236DE86F000344EF /* PersonListModels.swift */,
				72F62F32236DE885000344EF /* PersonListInteractor.swift */,
				72F62F34236DE8BC000344EF /* PersonListPresenter.swift */,
				72F62F36236DEA43000344EF /* PersonListWorker.swift */,
				72F62F38236DEA9A000344EF /* PersonListRouter.swift */,
			);
			path = PeopleList;
			sourceTree = "<group>";
		};
		72F62F2F236DE840000344EF /* Cells */ = {
			isa = PBXGroup;
			children = (
			);
			path = Cells;
			sourceTree = "<group>";
		};
		72F62F3A236DEB2B000344EF /* Networking */ = {
			isa = PBXGroup;
			children = (
				72F62F40236DEF73000344EF /* Network.swift */,
			);
			path = Networking;
			sourceTree = "<group>";
		};
		72F62F3B236DEB35000344EF /* App */ = {
			isa = PBXGroup;
			children = (
				723129A8236DC6D40069CBEA /* AppDelegate.swift */,
				723129AA236DC6D40069CBEA /* SceneDelegate.swift */,
				723129AE236DC6D40069CBEA /* Main.storyboard */,
				723129B1236DC6D50069CBEA /* Assets.xcassets */,
				723129B3236DC6D50069CBEA /* LaunchScreen.storyboard */,
				72F62F3C236DEB49000344EF /* Links.swift */,
				72F62F3E236DEB9C000344EF /* Constants.swift */,
			);
			path = App;
			sourceTree = "<group>";
		};
		B7DD870BF566C5D404AA52E4 /* Frameworks */ = {
			isa = PBXGroup;
			children = (
				36CDB9E8C9366D2D42BFAB65 /* Pods_Interlude.framework */,
				6F0D4CB0C619028C28FD845A /* Pods_InterludeTests.framework */,
			);
			name = Frameworks;
			sourceTree = "<group>";
		};
/* End PBXGroup section */

/* Begin PBXNativeTarget section */
		723129A4236DC6D40069CBEA /* Interlude */ = {
			isa = PBXNativeTarget;
			buildConfigurationList = 723129C4236DC6D50069CBEA /* Build configuration list for PBXNativeTarget "Interlude" */;
			buildPhases = (
				1A007FB7699DC90AA991678F /* [CP] Check Pods Manifest.lock */,
				723129A1236DC6D40069CBEA /* Sources */,
				723129A2236DC6D40069CBEA /* Frameworks */,
				723129A3236DC6D40069CBEA /* Resources */,
			);
			buildRules = (
			);
			dependencies = (
			);
			name = Interlude;
			productName = Interlude;
			productReference = 723129A5236DC6D40069CBEA /* Interlude.app */;
			productType = "com.apple.product-type.application";
		};
		723129BA236DC6D50069CBEA /* InterludeTests */ = {
			isa = PBXNativeTarget;
			buildConfigurationList = 723129C7236DC6D50069CBEA /* Build configuration list for PBXNativeTarget "InterludeTests" */;
			buildPhases = (
				60FC1EF8F20870C9D90D60D4 /* [CP] Check Pods Manifest.lock */,
				723129B7236DC6D50069CBEA /* Sources */,
				723129B8236DC6D50069CBEA /* Frameworks */,
				723129B9236DC6D50069CBEA /* Resources */,
				AE69AD16FEF4716987071DAF /* [CP] Embed Pods Frameworks */,
			);
			buildRules = (
			);
			dependencies = (
				723129BD236DC6D50069CBEA /* PBXTargetDependency */,
			);
			name = InterludeTests;
			productName = InterludeTests;
			productReference = 723129BB236DC6D50069CBEA /* InterludeTests.xctest */;
			productType = "com.apple.product-type.bundle.unit-test";
		};
/* End PBXNativeTarget section */

/* Begin PBXProject section */
		7231299D236DC6D40069CBEA /* Project object */ = {
			isa = PBXProject;
			attributes = {
				LastSwiftUpdateCheck = 1100;
				LastUpgradeCheck = 1100;
				ORGANIZATIONNAME = Heavenlapse;
				TargetAttributes = {
					723129A4236DC6D40069CBEA = {
						CreatedOnToolsVersion = 11.0;
					};
					723129BA236DC6D50069CBEA = {
						CreatedOnToolsVersion = 11.0;
						TestTargetID = 723129A4236DC6D40069CBEA;
					};
				};
			};
			buildConfigurationList = 723129A0236DC6D40069CBEA /* Build configuration list for PBXProject "Interlude" */;
			compatibilityVersion = "Xcode 9.3";
			developmentRegion = en;
			hasScannedForEncodings = 0;
			knownRegions = (
				en,
				Base,
			);
			mainGroup = 7231299C236DC6D40069CBEA;
			productRefGroup = 723129A6236DC6D40069CBEA /* Products */;
			projectDirPath = "";
			projectRoot = "";
			targets = (
				723129A4236DC6D40069CBEA /* Interlude */,
				723129BA236DC6D50069CBEA /* InterludeTests */,
			);
		};
/* End PBXProject section */

/* Begin PBXResourcesBuildPhase section */
		723129A3236DC6D40069CBEA /* Resources */ = {
			isa = PBXResourcesBuildPhase;
			buildActionMask = 2147483647;
			files = (
				723129B5236DC6D50069CBEA /* LaunchScreen.storyboard in Resources */,
				723129B2236DC6D50069CBEA /* Assets.xcassets in Resources */,
				723129B0236DC6D40069CBEA /* Main.storyboard in Resources */,
			);
			runOnlyForDeploymentPostprocessing = 0;
		};
		723129B9236DC6D50069CBEA /* Resources */ = {
			isa = PBXResourcesBuildPhase;
			buildActionMask = 2147483647;
			files = (
			);
			runOnlyForDeploymentPostprocessing = 0;
		};
/* End PBXResourcesBuildPhase section */

/* Begin PBXShellScriptBuildPhase section */
		1A007FB7699DC90AA991678F /* [CP] Check Pods Manifest.lock */ = {
			isa = PBXShellScriptBuildPhase;
			buildActionMask = 2147483647;
			files = (
			);
			inputFileListPaths = (
			);
			inputPaths = (
				"${PODS_PODFILE_DIR_PATH}/Podfile.lock",
				"${PODS_ROOT}/Manifest.lock",
			);
			name = "[CP] Check Pods Manifest.lock";
			outputFileListPaths = (
			);
			outputPaths = (
				"$(DERIVED_FILE_DIR)/Pods-Interlude-checkManifestLockResult.txt",
			);
			runOnlyForDeploymentPostprocessing = 0;
			shellPath = /bin/sh;
			shellScript = "diff \"${PODS_PODFILE_DIR_PATH}/Podfile.lock\" \"${PODS_ROOT}/Manifest.lock\" > /dev/null\nif [ $? != 0 ] ; then\n    # print error to STDERR\n    echo \"error: The sandbox is not in sync with the Podfile.lock. Run 'pod install' or update your CocoaPods installation.\" >&2\n    exit 1\nfi\n# This output is used by Xcode 'outputs' to avoid re-running this script phase.\necho \"SUCCESS\" > \"${SCRIPT_OUTPUT_FILE_0}\"\n";
			showEnvVarsInLog = 0;
		};
		60FC1EF8F20870C9D90D60D4 /* [CP] Check Pods Manifest.lock */ = {
			isa = PBXShellScriptBuildPhase;
			buildActionMask = 2147483647;
			files = (
			);
			inputFileListPaths = (
			);
			inputPaths = (
				"${PODS_PODFILE_DIR_PATH}/Podfile.lock",
				"${PODS_ROOT}/Manifest.lock",
			);
			name = "[CP] Check Pods Manifest.lock";
			outputFileListPaths = (
			);
			outputPaths = (
				"$(DERIVED_FILE_DIR)/Pods-InterludeTests-checkManifestLockResult.txt",
			);
			runOnlyForDeploymentPostprocessing = 0;
			shellPath = /bin/sh;
			shellScript = "diff \"${PODS_PODFILE_DIR_PATH}/Podfile.lock\" \"${PODS_ROOT}/Manifest.lock\" > /dev/null\nif [ $? != 0 ] ; then\n    # print error to STDERR\n    echo \"error: The sandbox is not in sync with the Podfile.lock. Run 'pod install' or update your CocoaPods installation.\" >&2\n    exit 1\nfi\n# This output is used by Xcode 'outputs' to avoid re-running this script phase.\necho \"SUCCESS\" > \"${SCRIPT_OUTPUT_FILE_0}\"\n";
			showEnvVarsInLog = 0;
		};
		AE69AD16FEF4716987071DAF /* [CP] Embed Pods Frameworks */ = {
			isa = PBXShellScriptBuildPhase;
			buildActionMask = 2147483647;
			files = (
			);
			inputFileListPaths = (
				"${PODS_ROOT}/Target Support Files/Pods-InterludeTests/Pods-InterludeTests-frameworks-${CONFIGURATION}-input-files.xcfilelist",
			);
			name = "[CP] Embed Pods Frameworks";
			outputFileListPaths = (
				"${PODS_ROOT}/Target Support Files/Pods-InterludeTests/Pods-InterludeTests-frameworks-${CONFIGURATION}-output-files.xcfilelist",
			);
			runOnlyForDeploymentPostprocessing = 0;
			shellPath = /bin/sh;
			shellScript = "\"${PODS_ROOT}/Target Support Files/Pods-InterludeTests/Pods-InterludeTests-frameworks.sh\"\n";
			showEnvVarsInLog = 0;
		};
/* End PBXShellScriptBuildPhase section */

/* Begin PBXSourcesBuildPhase section */
		723129A1236DC6D40069CBEA /* Sources */ = {
			isa = PBXSourcesBuildPhase;
			buildActionMask = 2147483647;
			files = (
				723129AD236DC6D40069CBEA /* PeopleListViewController.swift in Sources */,
				72F62F35236DE8BC000344EF /* PersonListPresenter.swift in Sources */,
				723129A9236DC6D40069CBEA /* AppDelegate.swift in Sources */,
				72F62F31236DE86F000344EF /* PersonListModels.swift in Sources */,
				72F62F3D236DEB49000344EF /* Links.swift in Sources */,
				72F62F41236DEF73000344EF /* Network.swift in Sources */,
				72F62F3F236DEB9C000344EF /* Constants.swift in Sources */,
				72F62F37236DEA43000344EF /* PersonListWorker.swift in Sources */,
				72F62F39236DEA9A000344EF /* PersonListRouter.swift in Sources */,
				72F62F33236DE885000344EF /* PersonListInteractor.swift in Sources */,
				723129AB236DC6D40069CBEA /* SceneDelegate.swift in Sources */,
			);
			runOnlyForDeploymentPostprocessing = 0;
		};
		723129B7236DC6D50069CBEA /* Sources */ = {
			isa = PBXSourcesBuildPhase;
			buildActionMask = 2147483647;
			files = (
				723129C0236DC6D50069CBEA /* InterludeTests.swift in Sources */,
			);
			runOnlyForDeploymentPostprocessing = 0;
		};
/* End PBXSourcesBuildPhase section */

/* Begin PBXTargetDependency section */
		723129BD236DC6D50069CBEA /* PBXTargetDependency */ = {
			isa = PBXTargetDependency;
			target = 723129A4236DC6D40069CBEA /* Interlude */;
			targetProxy = 723129BC236DC6D50069CBEA /* PBXContainerItemProxy */;
		};
/* End PBXTargetDependency section */

/* Begin PBXVariantGroup section */
		723129AE236DC6D40069CBEA /* Main.storyboard */ = {
			isa = PBXVariantGroup;
			children = (
				723129AF236DC6D40069CBEA /* Base */,
			);
			name = Main.storyboard;
			sourceTree = "<group>";
		};
		723129B3236DC6D50069CBEA /* LaunchScreen.storyboard */ = {
			isa = PBXVariantGroup;
			children = (
				723129B4236DC6D50069CBEA /* Base */,
			);
			name = LaunchScreen.storyboard;
			sourceTree = "<group>";
		};
/* End PBXVariantGroup section */

/* Begin XCBuildConfiguration section */
		723129C2236DC6D50069CBEA /* Debug */ = {
			isa = XCBuildConfiguration;
			buildSettings = {
				ALWAYS_SEARCH_USER_PATHS = NO;
				CLANG_ANALYZER_NONNULL = YES;
				CLANG_ANALYZER_NUMBER_OBJECT_CONVERSION = YES_AGGRESSIVE;
				CLANG_CXX_LANGUAGE_STANDARD = "gnu++14";
				CLANG_CXX_LIBRARY = "libc++";
				CLANG_ENABLE_MODULES = YES;
				CLANG_ENABLE_OBJC_ARC = YES;
				CLANG_ENABLE_OBJC_WEAK = YES;
				CLANG_WARN_BLOCK_CAPTURE_AUTORELEASING = YES;
				CLANG_WARN_BOOL_CONVERSION = YES;
				CLANG_WARN_COMMA = YES;
				CLANG_WARN_CONSTANT_CONVERSION = YES;
				CLANG_WARN_DEPRECATED_OBJC_IMPLEMENTATIONS = YES;
				CLANG_WARN_DIRECT_OBJC_ISA_USAGE = YES_ERROR;
				CLANG_WARN_DOCUMENTATION_COMMENTS = YES;
				CLANG_WARN_EMPTY_BODY = YES;
				CLANG_WARN_ENUM_CONVERSION = YES;
				CLANG_WARN_INFINITE_RECURSION = YES;
				CLANG_WARN_INT_CONVERSION = YES;
				CLANG_WARN_NON_LITERAL_NULL_CONVERSION = YES;
				CLANG_WARN_OBJC_IMPLICIT_RETAIN_SELF = YES;
				CLANG_WARN_OBJC_LITERAL_CONVERSION = YES;
				CLANG_WARN_OBJC_ROOT_CLASS = YES_ERROR;
				CLANG_WARN_RANGE_LOOP_ANALYSIS = YES;
				CLANG_WARN_STRICT_PROTOTYPES = YES;
				CLANG_WARN_SUSPICIOUS_MOVE = YES;
				CLANG_WARN_UNGUARDED_AVAILABILITY = YES_AGGRESSIVE;
				CLANG_WARN_UNREACHABLE_CODE = YES;
				CLANG_WARN__DUPLICATE_METHOD_MATCH = YES;
				COPY_PHASE_STRIP = NO;
				DEBUG_INFORMATION_FORMAT = dwarf;
				ENABLE_STRICT_OBJC_MSGSEND = YES;
				ENABLE_TESTABILITY = YES;
				GCC_C_LANGUAGE_STANDARD = gnu11;
				GCC_DYNAMIC_NO_PIC = NO;
				GCC_NO_COMMON_BLOCKS = YES;
				GCC_OPTIMIZATION_LEVEL = 0;
				GCC_PREPROCESSOR_DEFINITIONS = (
					"DEBUG=1",
					"$(inherited)",
				);
				GCC_WARN_64_TO_32_BIT_CONVERSION = YES;
				GCC_WARN_ABOUT_RETURN_TYPE = YES_ERROR;
				GCC_WARN_UNDECLARED_SELECTOR = YES;
				GCC_WARN_UNINITIALIZED_AUTOS = YES_AGGRESSIVE;
				GCC_WARN_UNUSED_FUNCTION = YES;
				GCC_WARN_UNUSED_VARIABLE = YES;
				IPHONEOS_DEPLOYMENT_TARGET = 13.0;
				MTL_ENABLE_DEBUG_INFO = INCLUDE_SOURCE;
				MTL_FAST_MATH = YES;
				ONLY_ACTIVE_ARCH = YES;
				SDKROOT = iphoneos;
				SWIFT_ACTIVE_COMPILATION_CONDITIONS = DEBUG;
				SWIFT_OPTIMIZATION_LEVEL = "-Onone";
			};
			name = Debug;
		};
		723129C3236DC6D50069CBEA /* Release */ = {
			isa = XCBuildConfiguration;
			buildSettings = {
				ALWAYS_SEARCH_USER_PATHS = NO;
				CLANG_ANALYZER_NONNULL = YES;
				CLANG_ANALYZER_NUMBER_OBJECT_CONVERSION = YES_AGGRESSIVE;
				CLANG_CXX_LANGUAGE_STANDARD = "gnu++14";
				CLANG_CXX_LIBRARY = "libc++";
				CLANG_ENABLE_MODULES = YES;
				CLANG_ENABLE_OBJC_ARC = YES;
				CLANG_ENABLE_OBJC_WEAK = YES;
				CLANG_WARN_BLOCK_CAPTURE_AUTORELEASING = YES;
				CLANG_WARN_BOOL_CONVERSION = YES;
				CLANG_WARN_COMMA = YES;
				CLANG_WARN_CONSTANT_CONVERSION = YES;
				CLANG_WARN_DEPRECATED_OBJC_IMPLEMENTATIONS = YES;
				CLANG_WARN_DIRECT_OBJC_ISA_USAGE = YES_ERROR;
				CLANG_WARN_DOCUMENTATION_COMMENTS = YES;
				CLANG_WARN_EMPTY_BODY = YES;
				CLANG_WARN_ENUM_CONVERSION = YES;
				CLANG_WARN_INFINITE_RECURSION = YES;
				CLANG_WARN_INT_CONVERSION = YES;
				CLANG_WARN_NON_LITERAL_NULL_CONVERSION = YES;
				CLANG_WARN_OBJC_IMPLICIT_RETAIN_SELF = YES;
				CLANG_WARN_OBJC_LITERAL_CONVERSION = YES;
				CLANG_WARN_OBJC_ROOT_CLASS = YES_ERROR;
				CLANG_WARN_RANGE_LOOP_ANALYSIS = YES;
				CLANG_WARN_STRICT_PROTOTYPES = YES;
				CLANG_WARN_SUSPICIOUS_MOVE = YES;
				CLANG_WARN_UNGUARDED_AVAILABILITY = YES_AGGRESSIVE;
				CLANG_WARN_UNREACHABLE_CODE = YES;
				CLANG_WARN__DUPLICATE_METHOD_MATCH = YES;
				COPY_PHASE_STRIP = NO;
				DEBUG_INFORMATION_FORMAT = "dwarf-with-dsym";
				ENABLE_NS_ASSERTIONS = NO;
				ENABLE_STRICT_OBJC_MSGSEND = YES;
				GCC_C_LANGUAGE_STANDARD = gnu11;
				GCC_NO_COMMON_BLOCKS = YES;
				GCC_WARN_64_TO_32_BIT_CONVERSION = YES;
				GCC_WARN_ABOUT_RETURN_TYPE = YES_ERROR;
				GCC_WARN_UNDECLARED_SELECTOR = YES;
				GCC_WARN_UNINITIALIZED_AUTOS = YES_AGGRESSIVE;
				GCC_WARN_UNUSED_FUNCTION = YES;
				GCC_WARN_UNUSED_VARIABLE = YES;
				IPHONEOS_DEPLOYMENT_TARGET = 13.0;
				MTL_ENABLE_DEBUG_INFO = NO;
				MTL_FAST_MATH = YES;
				SDKROOT = iphoneos;
				SWIFT_COMPILATION_MODE = wholemodule;
				SWIFT_OPTIMIZATION_LEVEL = "-O";
				VALIDATE_PRODUCT = YES;
			};
			name = Release;
		};
		723129C5236DC6D50069CBEA /* Debug */ = {
			isa = XCBuildConfiguration;
			baseConfigurationReference = 9D2FACE2CBF1CD94BDADCFC9 /* Pods-Interlude.debug.xcconfig */;
			buildSettings = {
				ASSETCATALOG_COMPILER_APPICON_NAME = AppIcon;
				CODE_SIGN_STYLE = Automatic;
				DEVELOPMENT_TEAM = 95AWD6L8RS;
				INFOPLIST_FILE = Interlude/Info.plist;
				LD_RUNPATH_SEARCH_PATHS = (
					"$(inherited)",
					"@executable_path/Frameworks",
				);
				PRODUCT_BUNDLE_IDENTIFIER = com.heavenlapse.Interlude;
				PRODUCT_NAME = "$(TARGET_NAME)";
				SWIFT_VERSION = 5.0;
				TARGETED_DEVICE_FAMILY = "1,2";
			};
			name = Debug;
		};
		723129C6236DC6D50069CBEA /* Release */ = {
			isa = XCBuildConfiguration;
			baseConfigurationReference = CC7F8C41C8F74F0DB00DF1B9 /* Pods-Interlude.release.xcconfig */;
			buildSettings = {
				ASSETCATALOG_COMPILER_APPICON_NAME = AppIcon;
				CODE_SIGN_STYLE = Automatic;
				DEVELOPMENT_TEAM = 95AWD6L8RS;
				INFOPLIST_FILE = Interlude/Info.plist;
				LD_RUNPATH_SEARCH_PATHS = (
					"$(inherited)",
					"@executable_path/Frameworks",
				);
				PRODUCT_BUNDLE_IDENTIFIER = com.heavenlapse.Interlude;
				PRODUCT_NAME = "$(TARGET_NAME)";
				SWIFT_VERSION = 5.0;
				TARGETED_DEVICE_FAMILY = "1,2";
			};
			name = Release;
		};
		723129C8236DC6D50069CBEA /* Debug */ = {
			isa = XCBuildConfiguration;
			baseConfigurationReference = 8D24F6910E2DDB7D584E0A46 /* Pods-InterludeTests.debug.xcconfig */;
			buildSettings = {
				ALWAYS_EMBED_SWIFT_STANDARD_LIBRARIES = YES;
				BUNDLE_LOADER = "$(TEST_HOST)";
				CODE_SIGN_STYLE = Automatic;
				DEVELOPMENT_TEAM = 95AWD6L8RS;
				INFOPLIST_FILE = InterludeTests/Info.plist;
				IPHONEOS_DEPLOYMENT_TARGET = 13.0;
				LD_RUNPATH_SEARCH_PATHS = (
					"$(inherited)",
					"@executable_path/Frameworks",
					"@loader_path/Frameworks",
				);
				PRODUCT_BUNDLE_IDENTIFIER = com.heavenlapse.InterludeTests;
				PRODUCT_NAME = "$(TARGET_NAME)";
				SWIFT_VERSION = 5.0;
				TARGETED_DEVICE_FAMILY = "1,2";
				TEST_HOST = "$(BUILT_PRODUCTS_DIR)/Interlude.app/Interlude";
			};
			name = Debug;
		};
		723129C9236DC6D50069CBEA /* Release */ = {
			isa = XCBuildConfiguration;
			baseConfigurationReference = 0171A67B4DBD5825B5063CAA /* Pods-InterludeTests.release.xcconfig */;
			buildSettings = {
				ALWAYS_EMBED_SWIFT_STANDARD_LIBRARIES = YES;
				BUNDLE_LOADER = "$(TEST_HOST)";
				CODE_SIGN_STYLE = Automatic;
				DEVELOPMENT_TEAM = 95AWD6L8RS;
				INFOPLIST_FILE = InterludeTests/Info.plist;
				IPHONEOS_DEPLOYMENT_TARGET = 13.0;
				LD_RUNPATH_SEARCH_PATHS = (
					"$(inherited)",
					"@executable_path/Frameworks",
					"@loader_path/Frameworks",
				);
				PRODUCT_BUNDLE_IDENTIFIER = com.heavenlapse.InterludeTests;
				PRODUCT_NAME = "$(TARGET_NAME)";
				SWIFT_VERSION = 5.0;
				TARGETED_DEVICE_FAMILY = "1,2";
				TEST_HOST = "$(BUILT_PRODUCTS_DIR)/Interlude.app/Interlude";
			};
			name = Release;
		};
/* End XCBuildConfiguration section */

/* Begin XCConfigurationList section */
		723129A0236DC6D40069CBEA /* Build configuration list for PBXProject "Interlude" */ = {
			isa = XCConfigurationList;
			buildConfigurations = (
				723129C2236DC6D50069CBEA /* Debug */,
				723129C3236DC6D50069CBEA /* Release */,
			);
			defaultConfigurationIsVisible = 0;
			defaultConfigurationName = Release;
		};
		723129C4236DC6D50069CBEA /* Build configuration list for PBXNativeTarget "Interlude" */ = {
			isa = XCConfigurationList;
			buildConfigurations = (
				723129C5236DC6D50069CBEA /* Debug */,
				723129C6236DC6D50069CBEA /* Release */,
			);
			defaultConfigurationIsVisible = 0;
			defaultConfigurationName = Release;
		};
		723129C7236DC6D50069CBEA /* Build configuration list for PBXNativeTarget "InterludeTests" */ = {
			isa = XCConfigurationList;
			buildConfigurations = (
				723129C8236DC6D50069CBEA /* Debug */,
				723129C9236DC6D50069CBEA /* Release */,
			);
			defaultConfigurationIsVisible = 0;
			defaultConfigurationName = Release;
		};
/* End XCConfigurationList section */
	};
	rootObject = 7231299D236DC6D40069CBEA /* Project object */;
}
